
Microsoft Visual Studio Solution File, Format Version 12.00
# Visual Studio Version 17
VisualStudioVersion = 17.14.37012.4 d17.14
MinimumVisualStudioVersion = 10.0.40219.1
Project("{FAE04EC0-301F-11D3-BF4B-00C04F79EFBC}") = "Lab5", "Lab5\Lab5.csproj", "{5AA33F21-0A80-4B61-B6D4-6D8B555D9CB4}"
EndProject
Global
	GlobalSection(SolutionConfigurationPlatforms) = preSolution
		Debug|Any CPU = Debug|Any CPU
		Release|Any CPU = Release|Any CPU
	EndGlobalSection
	GlobalSection(ProjectConfigurationPlatforms) = postSolution
		{5AA33F21-0A80-4B61-B6D4-6D8B555D9CB4}.Debug|Any CPU.ActiveCfg = Debug|Any CPU
		{5AA33F21-0A80-4B61-B6D4-6D8B555D9CB4}.Debug|Any CPU.Build.0 = Debug|Any CPU
		{5AA33F21-0A80-4B61-B6D4-6D8B555D9CB4}.Release|Any CPU.ActiveCfg = Release|Any CPU
		{5AA33F21-0A80-4B61-B6D4-6D8B555D9CB4}.Release|Any CPU.Build.0 = Release|Any CPU
	EndGlobalSection
	GlobalSection(SolutionProperties) = preSolution
		HideSolutionNode = FALSE
	EndGlobalSection
	GlobalSection(ExtensibilityGlobals) = postSolution
		SolutionGuid = {881080CE-F6CD-4FAC-8CC1-18035E6E5B1F}
	EndGlobalSection
EndGlobal
